
Microsoft Visual Studio Solution File, Format Version 10.00
# Visual Studio 2008
Project("{8BC9CEB8-8B4A-11D0-8D11-00A0C91BC942}") = "TextService", "TextService.vcproj", "{A25D31FE-B954-412A-9A9F-1A5A10DA6B87}"
EndProject
Global
	GlobalSection(SolutionConfigurationPlatforms) = preSolution
		Debug|Win32 = Debug|Win32
		Release|Win32 = Release|Win32
	EndGlobalSection
	GlobalSection(ProjectConfigurationPlatforms) = postSolution
		{A25D31FE-B954-412A-9A9F-1A5A10DA6B87}.Debug|Win32.ActiveCfg = Debug|Win32
		{A25D31FE-B954-412A-9A9F-1A5A10DA6B87}.Debug|Win32.Build.0 = Debug|Win32
		{A25D31FE-B954-412A-9A9F-1A5A10DA6B87}.Release|Win32.ActiveCfg = Release|Win32
		{A25D31FE-B954-412A-9A9F-1A5A10DA6B87}.Release|Win32.Build.0 = Release|Win32
	EndGlobalSection
	GlobalSection(SolutionProperties) = preSolution
		HideSolutionNode = FALSE
	EndGlobalSection
EndGlobal
